
Microsoft Visual Studio Solution File, Format Version 12.00
# Visual Studio Version 17
VisualStudioVersion = 17.4.33205.214
MinimumVisualStudioVersion = 10.0.40219.1
Project("{FAE04EC0-301F-11D3-BF4B-00C04F79EFBC}") = "Ex56_MenuNomeSalario", "Ex56_MenuNomeSalario.csproj", "{EAE56EEF-A3D9-40FD-9B97-A60313D8FEE2}"
EndProject
Global
	GlobalSection(SolutionConfigurationPlatforms) = preSolution
		Debug|Any CPU = Debug|Any CPU
		Release|Any CPU = Release|Any CPU
	EndGlobalSection
	GlobalSection(ProjectConfigurationPlatforms) = postSolution
		{EAE56EEF-A3D9-40FD-9B97-A60313D8FEE2}.Debug|Any CPU.ActiveCfg = Debug|Any CPU
		{EAE56EEF-A3D9-40FD-9B97-A60313D8FEE2}.Debug|Any CPU.Build.0 = Debug|Any CPU
		{EAE56EEF-A3D9-40FD-9B97-A60313D8FEE2}.Release|Any CPU.ActiveCfg = Release|Any CPU
		{EAE56EEF-A3D9-40FD-9B97-A60313D8FEE2}.Release|Any CPU.Build.0 = Release|Any CPU
	EndGlobalSection
	GlobalSection(SolutionProperties) = preSolution
		HideSolutionNode = FALSE
	EndGlobalSection
	GlobalSection(ExtensibilityGlobals) = postSolution
		SolutionGuid = {D9FFBDC1-0937-4DC0-AF41-5DF69AAEDF7B}
	EndGlobalSection
EndGlobal
