
Microsoft Visual Studio Solution File, Format Version 12.00
# Visual Studio Version 17
VisualStudioVersion = 17.4.33205.214
MinimumVisualStudioVersion = 10.0.40219.1
Project("{FAE04EC0-301F-11D3-BF4B-00C04F79EFBC}") = "Ex22_TabuadaInvertida", "Ex22_TabuadaInvertida.csproj", "{CEFCA50B-2825-44BF-86B2-1954C1ECDE60}"
EndProject
Global
	GlobalSection(SolutionConfigurationPlatforms) = preSolution
		Debug|Any CPU = Debug|Any CPU
		Release|Any CPU = Release|Any CPU
	EndGlobalSection
	GlobalSection(ProjectConfigurationPlatforms) = postSolution
		{CEFCA50B-2825-44BF-86B2-1954C1ECDE60}.Debug|Any CPU.ActiveCfg = Debug|Any CPU
		{CEFCA50B-2825-44BF-86B2-1954C1ECDE60}.Debug|Any CPU.Build.0 = Debug|Any CPU
		{CEFCA50B-2825-44BF-86B2-1954C1ECDE60}.Release|Any CPU.ActiveCfg = Release|Any CPU
		{CEFCA50B-2825-44BF-86B2-1954C1ECDE60}.Release|Any CPU.Build.0 = Release|Any CPU
	EndGlobalSection
	GlobalSection(SolutionProperties) = preSolution
		HideSolutionNode = FALSE
	EndGlobalSection
	GlobalSection(ExtensibilityGlobals) = postSolution
		SolutionGuid = {FDDB35C1-6CBF-491A-B1A2-106A8A21ED93}
	EndGlobalSection
EndGlobal
