
Microsoft Visual Studio Solution File, Format Version 12.00
# Visual Studio Version 17
VisualStudioVersion = 17.4.33205.214
MinimumVisualStudioVersion = 10.0.40219.1
Project("{FAE04EC0-301F-11D3-BF4B-00C04F79EFBC}") = "Ex11_DadosFuncionario", "Ex11_DadosFuncionario.csproj", "{06CAFAC6-B8F8-4AE8-A953-B91AFEAE6FC3}"
EndProject
Global
	GlobalSection(SolutionConfigurationPlatforms) = preSolution
		Debug|Any CPU = Debug|Any CPU
		Release|Any CPU = Release|Any CPU
	EndGlobalSection
	GlobalSection(ProjectConfigurationPlatforms) = postSolution
		{06CAFAC6-B8F8-4AE8-A953-B91AFEAE6FC3}.Debug|Any CPU.ActiveCfg = Debug|Any CPU
		{06CAFAC6-B8F8-4AE8-A953-B91AFEAE6FC3}.Debug|Any CPU.Build.0 = Debug|Any CPU
		{06CAFAC6-B8F8-4AE8-A953-B91AFEAE6FC3}.Release|Any CPU.ActiveCfg = Release|Any CPU
		{06CAFAC6-B8F8-4AE8-A953-B91AFEAE6FC3}.Release|Any CPU.Build.0 = Release|Any CPU
	EndGlobalSection
	GlobalSection(SolutionProperties) = preSolution
		HideSolutionNode = FALSE
	EndGlobalSection
	GlobalSection(ExtensibilityGlobals) = postSolution
		SolutionGuid = {E60363F6-5DDD-4F0B-ABFC-DBE3236F0EF5}
	EndGlobalSection
EndGlobal
