
Microsoft Visual Studio Solution File, Format Version 12.00
# Visual Studio Version 17
VisualStudioVersion = 17.4.33205.214
MinimumVisualStudioVersion = 10.0.40219.1
Project("{FAE04EC0-301F-11D3-BF4B-00C04F79EFBC}") = "Ex20_ContaLetraSemEspacos", "Ex20_ContaLetraSemEspacos.csproj", "{642DB3B0-DE39-4E1C-A423-2F35FD5DD756}"
EndProject
Global
	GlobalSection(SolutionConfigurationPlatforms) = preSolution
		Debug|Any CPU = Debug|Any CPU
		Release|Any CPU = Release|Any CPU
	EndGlobalSection
	GlobalSection(ProjectConfigurationPlatforms) = postSolution
		{642DB3B0-DE39-4E1C-A423-2F35FD5DD756}.Debug|Any CPU.ActiveCfg = Debug|Any CPU
		{642DB3B0-DE39-4E1C-A423-2F35FD5DD756}.Debug|Any CPU.Build.0 = Debug|Any CPU
		{642DB3B0-DE39-4E1C-A423-2F35FD5DD756}.Release|Any CPU.ActiveCfg = Release|Any CPU
		{642DB3B0-DE39-4E1C-A423-2F35FD5DD756}.Release|Any CPU.Build.0 = Release|Any CPU
	EndGlobalSection
	GlobalSection(SolutionProperties) = preSolution
		HideSolutionNode = FALSE
	EndGlobalSection
	GlobalSection(ExtensibilityGlobals) = postSolution
		SolutionGuid = {040F0002-F8A4-468E-9A56-0A120F5C299A}
	EndGlobalSection
EndGlobal
