
Microsoft Visual Studio Solution File, Format Version 12.00
# Visual Studio Version 17
VisualStudioVersion = 17.4.33205.214
MinimumVisualStudioVersion = 10.0.40219.1
Project("{FAE04EC0-301F-11D3-BF4B-00C04F79EFBC}") = "Ex7_DivisaoCondicional", "Ex7_DivisaoCondicional.csproj", "{32AAD476-08CF-4F4B-B9F2-214251825D06}"
EndProject
Global
	GlobalSection(SolutionConfigurationPlatforms) = preSolution
		Debug|Any CPU = Debug|Any CPU
		Release|Any CPU = Release|Any CPU
	EndGlobalSection
	GlobalSection(ProjectConfigurationPlatforms) = postSolution
		{32AAD476-08CF-4F4B-B9F2-214251825D06}.Debug|Any CPU.ActiveCfg = Debug|Any CPU
		{32AAD476-08CF-4F4B-B9F2-214251825D06}.Debug|Any CPU.Build.0 = Debug|Any CPU
		{32AAD476-08CF-4F4B-B9F2-214251825D06}.Release|Any CPU.ActiveCfg = Release|Any CPU
		{32AAD476-08CF-4F4B-B9F2-214251825D06}.Release|Any CPU.Build.0 = Release|Any CPU
	EndGlobalSection
	GlobalSection(SolutionProperties) = preSolution
		HideSolutionNode = FALSE
	EndGlobalSection
	GlobalSection(ExtensibilityGlobals) = postSolution
		SolutionGuid = {E3C82ECB-6709-4501-B0BE-B380BEE187D1}
	EndGlobalSection
EndGlobal
