
Microsoft Visual Studio Solution File, Format Version 12.00
# Visual Studio Version 17
VisualStudioVersion = 17.4.33205.214
MinimumVisualStudioVersion = 10.0.40219.1
Project("{FAE04EC0-301F-11D3-BF4B-00C04F79EFBC}") = "Ex19_MaisNovo", "Ex19_MaisNovo.csproj", "{9B469F22-38D7-40CD-9D3C-D72A42EF1B6A}"
EndProject
Global
	GlobalSection(SolutionConfigurationPlatforms) = preSolution
		Debug|Any CPU = Debug|Any CPU
		Release|Any CPU = Release|Any CPU
	EndGlobalSection
	GlobalSection(ProjectConfigurationPlatforms) = postSolution
		{9B469F22-38D7-40CD-9D3C-D72A42EF1B6A}.Debug|Any CPU.ActiveCfg = Debug|Any CPU
		{9B469F22-38D7-40CD-9D3C-D72A42EF1B6A}.Debug|Any CPU.Build.0 = Debug|Any CPU
		{9B469F22-38D7-40CD-9D3C-D72A42EF1B6A}.Release|Any CPU.ActiveCfg = Release|Any CPU
		{9B469F22-38D7-40CD-9D3C-D72A42EF1B6A}.Release|Any CPU.Build.0 = Release|Any CPU
	EndGlobalSection
	GlobalSection(SolutionProperties) = preSolution
		HideSolutionNode = FALSE
	EndGlobalSection
	GlobalSection(ExtensibilityGlobals) = postSolution
		SolutionGuid = {186B840F-167E-43BD-8547-633B9F38064C}
	EndGlobalSection
EndGlobal
