
Microsoft Visual Studio Solution File, Format Version 12.00
# Visual Studio Version 17
VisualStudioVersion = 17.4.33205.214
MinimumVisualStudioVersion = 10.0.40219.1
Project("{FAE04EC0-301F-11D3-BF4B-00C04F79EFBC}") = "Ex46_Loteria", "Ex46_Loteria.csproj", "{3AB2FB86-0D05-40EA-9C42-761BA42B86B4}"
EndProject
Global
	GlobalSection(SolutionConfigurationPlatforms) = preSolution
		Debug|Any CPU = Debug|Any CPU
		Release|Any CPU = Release|Any CPU
	EndGlobalSection
	GlobalSection(ProjectConfigurationPlatforms) = postSolution
		{3AB2FB86-0D05-40EA-9C42-761BA42B86B4}.Debug|Any CPU.ActiveCfg = Debug|Any CPU
		{3AB2FB86-0D05-40EA-9C42-761BA42B86B4}.Debug|Any CPU.Build.0 = Debug|Any CPU
		{3AB2FB86-0D05-40EA-9C42-761BA42B86B4}.Release|Any CPU.ActiveCfg = Release|Any CPU
		{3AB2FB86-0D05-40EA-9C42-761BA42B86B4}.Release|Any CPU.Build.0 = Release|Any CPU
	EndGlobalSection
	GlobalSection(SolutionProperties) = preSolution
		HideSolutionNode = FALSE
	EndGlobalSection
	GlobalSection(ExtensibilityGlobals) = postSolution
		SolutionGuid = {6DC764DB-6760-46AA-9FC6-138D07C05527}
	EndGlobalSection
EndGlobal
