
Microsoft Visual Studio Solution File, Format Version 12.00
# Visual Studio Version 17
VisualStudioVersion = 17.4.33205.214
MinimumVisualStudioVersion = 10.0.40219.1
Project("{FAE04EC0-301F-11D3-BF4B-00C04F79EFBC}") = "Ex1_DadosAluno", "Ex1_DadosAluno.csproj", "{5E938A88-263B-4CFE-869F-FBAAC1DDFB75}"
EndProject
Global
	GlobalSection(SolutionConfigurationPlatforms) = preSolution
		Debug|Any CPU = Debug|Any CPU
		Release|Any CPU = Release|Any CPU
	EndGlobalSection
	GlobalSection(ProjectConfigurationPlatforms) = postSolution
		{5E938A88-263B-4CFE-869F-FBAAC1DDFB75}.Debug|Any CPU.ActiveCfg = Debug|Any CPU
		{5E938A88-263B-4CFE-869F-FBAAC1DDFB75}.Debug|Any CPU.Build.0 = Debug|Any CPU
		{5E938A88-263B-4CFE-869F-FBAAC1DDFB75}.Release|Any CPU.ActiveCfg = Release|Any CPU
		{5E938A88-263B-4CFE-869F-FBAAC1DDFB75}.Release|Any CPU.Build.0 = Release|Any CPU
	EndGlobalSection
	GlobalSection(SolutionProperties) = preSolution
		HideSolutionNode = FALSE
	EndGlobalSection
	GlobalSection(ExtensibilityGlobals) = postSolution
		SolutionGuid = {F1E163FF-19F8-4C94-853E-3EF97D6AB5F7}
	EndGlobalSection
EndGlobal
