
Microsoft Visual Studio Solution File, Format Version 12.00
# Visual Studio Version 17
VisualStudioVersion = 17.4.33205.214
MinimumVisualStudioVersion = 10.0.40219.1
Project("{FAE04EC0-301F-11D3-BF4B-00C04F79EFBC}") = "Ex9_MRU", "Ex9_MRU.csproj", "{8E831DCE-B276-4A9E-9630-7600EF205EB7}"
EndProject
Global
	GlobalSection(SolutionConfigurationPlatforms) = preSolution
		Debug|Any CPU = Debug|Any CPU
		Release|Any CPU = Release|Any CPU
	EndGlobalSection
	GlobalSection(ProjectConfigurationPlatforms) = postSolution
		{8E831DCE-B276-4A9E-9630-7600EF205EB7}.Debug|Any CPU.ActiveCfg = Debug|Any CPU
		{8E831DCE-B276-4A9E-9630-7600EF205EB7}.Debug|Any CPU.Build.0 = Debug|Any CPU
		{8E831DCE-B276-4A9E-9630-7600EF205EB7}.Release|Any CPU.ActiveCfg = Release|Any CPU
		{8E831DCE-B276-4A9E-9630-7600EF205EB7}.Release|Any CPU.Build.0 = Release|Any CPU
	EndGlobalSection
	GlobalSection(SolutionProperties) = preSolution
		HideSolutionNode = FALSE
	EndGlobalSection
	GlobalSection(ExtensibilityGlobals) = postSolution
		SolutionGuid = {110722BB-CF46-48D6-89D3-0E8902DFBABD}
	EndGlobalSection
EndGlobal
