
Microsoft Visual Studio Solution File, Format Version 12.00
# Visual Studio Version 17
VisualStudioVersion = 17.4.33205.214
MinimumVisualStudioVersion = 10.0.40219.1
Project("{FAE04EC0-301F-11D3-BF4B-00C04F79EFBC}") = "Ex23_PreencheTela", "Ex23_PreencheTela.csproj", "{0EC16BA0-99AA-4802-8A35-9D5C7FF25696}"
EndProject
Global
	GlobalSection(SolutionConfigurationPlatforms) = preSolution
		Debug|Any CPU = Debug|Any CPU
		Release|Any CPU = Release|Any CPU
	EndGlobalSection
	GlobalSection(ProjectConfigurationPlatforms) = postSolution
		{0EC16BA0-99AA-4802-8A35-9D5C7FF25696}.Debug|Any CPU.ActiveCfg = Debug|Any CPU
		{0EC16BA0-99AA-4802-8A35-9D5C7FF25696}.Debug|Any CPU.Build.0 = Debug|Any CPU
		{0EC16BA0-99AA-4802-8A35-9D5C7FF25696}.Release|Any CPU.ActiveCfg = Release|Any CPU
		{0EC16BA0-99AA-4802-8A35-9D5C7FF25696}.Release|Any CPU.Build.0 = Release|Any CPU
	EndGlobalSection
	GlobalSection(SolutionProperties) = preSolution
		HideSolutionNode = FALSE
	EndGlobalSection
	GlobalSection(ExtensibilityGlobals) = postSolution
		SolutionGuid = {5C2860D2-F82D-403B-AFE9-AEC1C220AAE1}
	EndGlobalSection
EndGlobal
