
Microsoft Visual Studio Solution File, Format Version 12.00
# Visual Studio Version 17
VisualStudioVersion = 17.4.33205.214
MinimumVisualStudioVersion = 10.0.40219.1
Project("{FAE04EC0-301F-11D3-BF4B-00C04F79EFBC}") = "Ex15_Soma1A100", "Ex15_Soma1A100.csproj", "{665C5C17-6812-4EBC-BA15-F676AC8D2616}"
EndProject
Global
	GlobalSection(SolutionConfigurationPlatforms) = preSolution
		Debug|Any CPU = Debug|Any CPU
		Release|Any CPU = Release|Any CPU
	EndGlobalSection
	GlobalSection(ProjectConfigurationPlatforms) = postSolution
		{665C5C17-6812-4EBC-BA15-F676AC8D2616}.Debug|Any CPU.ActiveCfg = Debug|Any CPU
		{665C5C17-6812-4EBC-BA15-F676AC8D2616}.Debug|Any CPU.Build.0 = Debug|Any CPU
		{665C5C17-6812-4EBC-BA15-F676AC8D2616}.Release|Any CPU.ActiveCfg = Release|Any CPU
		{665C5C17-6812-4EBC-BA15-F676AC8D2616}.Release|Any CPU.Build.0 = Release|Any CPU
	EndGlobalSection
	GlobalSection(SolutionProperties) = preSolution
		HideSolutionNode = FALSE
	EndGlobalSection
	GlobalSection(ExtensibilityGlobals) = postSolution
		SolutionGuid = {A70A4607-C8F7-44AF-8B73-4DE2736797BE}
	EndGlobalSection
EndGlobal
