
Microsoft Visual Studio Solution File, Format Version 12.00
# Visual Studio Version 17
VisualStudioVersion = 17.4.33205.214
MinimumVisualStudioVersion = 10.0.40219.1
Project("{FAE04EC0-301F-11D3-BF4B-00C04F79EFBC}") = "Ex14_CaloriasPorRefeicao", "Ex14_CaloriasPorRefeicao.csproj", "{AC7007CB-49D7-4E97-AA30-E70BA13191A3}"
EndProject
Global
	GlobalSection(SolutionConfigurationPlatforms) = preSolution
		Debug|Any CPU = Debug|Any CPU
		Release|Any CPU = Release|Any CPU
	EndGlobalSection
	GlobalSection(ProjectConfigurationPlatforms) = postSolution
		{AC7007CB-49D7-4E97-AA30-E70BA13191A3}.Debug|Any CPU.ActiveCfg = Debug|Any CPU
		{AC7007CB-49D7-4E97-AA30-E70BA13191A3}.Debug|Any CPU.Build.0 = Debug|Any CPU
		{AC7007CB-49D7-4E97-AA30-E70BA13191A3}.Release|Any CPU.ActiveCfg = Release|Any CPU
		{AC7007CB-49D7-4E97-AA30-E70BA13191A3}.Release|Any CPU.Build.0 = Release|Any CPU
	EndGlobalSection
	GlobalSection(SolutionProperties) = preSolution
		HideSolutionNode = FALSE
	EndGlobalSection
	GlobalSection(ExtensibilityGlobals) = postSolution
		SolutionGuid = {98F866A8-B263-4961-962B-3022DF70CAC6}
	EndGlobalSection
EndGlobal
