
Microsoft Visual Studio Solution File, Format Version 12.00
# Visual Studio Version 17
VisualStudioVersion = 17.4.33205.214
MinimumVisualStudioVersion = 10.0.40219.1
Project("{FAE04EC0-301F-11D3-BF4B-00C04F79EFBC}") = "Ex12_VogalConsoante", "Ex12_VogalConsoante.csproj", "{28644875-E032-4E81-B9F7-898C94A3C3FD}"
EndProject
Global
	GlobalSection(SolutionConfigurationPlatforms) = preSolution
		Debug|Any CPU = Debug|Any CPU
		Release|Any CPU = Release|Any CPU
	EndGlobalSection
	GlobalSection(ProjectConfigurationPlatforms) = postSolution
		{28644875-E032-4E81-B9F7-898C94A3C3FD}.Debug|Any CPU.ActiveCfg = Debug|Any CPU
		{28644875-E032-4E81-B9F7-898C94A3C3FD}.Debug|Any CPU.Build.0 = Debug|Any CPU
		{28644875-E032-4E81-B9F7-898C94A3C3FD}.Release|Any CPU.ActiveCfg = Release|Any CPU
		{28644875-E032-4E81-B9F7-898C94A3C3FD}.Release|Any CPU.Build.0 = Release|Any CPU
	EndGlobalSection
	GlobalSection(SolutionProperties) = preSolution
		HideSolutionNode = FALSE
	EndGlobalSection
	GlobalSection(ExtensibilityGlobals) = postSolution
		SolutionGuid = {FC1762C5-55B8-469A-9D11-133384D09456}
	EndGlobalSection
EndGlobal
