
Microsoft Visual Studio Solution File, Format Version 12.00
# Visual Studio Version 17
VisualStudioVersion = 17.4.33205.214
MinimumVisualStudioVersion = 10.0.40219.1
Project("{FAE04EC0-301F-11D3-BF4B-00C04F79EFBC}") = "Ex5_Custo", "Ex5_Custo.csproj", "{56AF212D-5019-459F-AB85-B6A1125E9F9E}"
EndProject
Global
	GlobalSection(SolutionConfigurationPlatforms) = preSolution
		Debug|Any CPU = Debug|Any CPU
		Release|Any CPU = Release|Any CPU
	EndGlobalSection
	GlobalSection(ProjectConfigurationPlatforms) = postSolution
		{56AF212D-5019-459F-AB85-B6A1125E9F9E}.Debug|Any CPU.ActiveCfg = Debug|Any CPU
		{56AF212D-5019-459F-AB85-B6A1125E9F9E}.Debug|Any CPU.Build.0 = Debug|Any CPU
		{56AF212D-5019-459F-AB85-B6A1125E9F9E}.Release|Any CPU.ActiveCfg = Release|Any CPU
		{56AF212D-5019-459F-AB85-B6A1125E9F9E}.Release|Any CPU.Build.0 = Release|Any CPU
	EndGlobalSection
	GlobalSection(SolutionProperties) = preSolution
		HideSolutionNode = FALSE
	EndGlobalSection
	GlobalSection(ExtensibilityGlobals) = postSolution
		SolutionGuid = {9A47844D-E82E-4E3D-B3F2-A3854C93C037}
	EndGlobalSection
EndGlobal
