
Microsoft Visual Studio Solution File, Format Version 12.00
# Visual Studio Version 17
VisualStudioVersion = 17.4.33205.214
MinimumVisualStudioVersion = 10.0.40219.1
Project("{FAE04EC0-301F-11D3-BF4B-00C04F79EFBC}") = "Ex1_SomaImpares", "Ex1_SomaImpares.csproj", "{D698D560-78DA-4733-9001-68BAB97C4D7F}"
EndProject
Global
	GlobalSection(SolutionConfigurationPlatforms) = preSolution
		Debug|Any CPU = Debug|Any CPU
		Release|Any CPU = Release|Any CPU
	EndGlobalSection
	GlobalSection(ProjectConfigurationPlatforms) = postSolution
		{D698D560-78DA-4733-9001-68BAB97C4D7F}.Debug|Any CPU.ActiveCfg = Debug|Any CPU
		{D698D560-78DA-4733-9001-68BAB97C4D7F}.Debug|Any CPU.Build.0 = Debug|Any CPU
		{D698D560-78DA-4733-9001-68BAB97C4D7F}.Release|Any CPU.ActiveCfg = Release|Any CPU
		{D698D560-78DA-4733-9001-68BAB97C4D7F}.Release|Any CPU.Build.0 = Release|Any CPU
	EndGlobalSection
	GlobalSection(SolutionProperties) = preSolution
		HideSolutionNode = FALSE
	EndGlobalSection
	GlobalSection(ExtensibilityGlobals) = postSolution
		SolutionGuid = {28C555DB-E8DC-4158-8C88-7785B02757A8}
	EndGlobalSection
EndGlobal
