
Microsoft Visual Studio Solution File, Format Version 12.00
# Visual Studio Version 17
VisualStudioVersion = 17.4.33205.214
MinimumVisualStudioVersion = 10.0.40219.1
Project("{FAE04EC0-301F-11D3-BF4B-00C04F79EFBC}") = "Ex29_FraseVertical", "Ex29_FraseVertical.csproj", "{A24DA06C-68D8-4FEB-8EA1-467A3B6DD0A3}"
EndProject
Global
	GlobalSection(SolutionConfigurationPlatforms) = preSolution
		Debug|Any CPU = Debug|Any CPU
		Release|Any CPU = Release|Any CPU
	EndGlobalSection
	GlobalSection(ProjectConfigurationPlatforms) = postSolution
		{A24DA06C-68D8-4FEB-8EA1-467A3B6DD0A3}.Debug|Any CPU.ActiveCfg = Debug|Any CPU
		{A24DA06C-68D8-4FEB-8EA1-467A3B6DD0A3}.Debug|Any CPU.Build.0 = Debug|Any CPU
		{A24DA06C-68D8-4FEB-8EA1-467A3B6DD0A3}.Release|Any CPU.ActiveCfg = Release|Any CPU
		{A24DA06C-68D8-4FEB-8EA1-467A3B6DD0A3}.Release|Any CPU.Build.0 = Release|Any CPU
	EndGlobalSection
	GlobalSection(SolutionProperties) = preSolution
		HideSolutionNode = FALSE
	EndGlobalSection
	GlobalSection(ExtensibilityGlobals) = postSolution
		SolutionGuid = {2EC1597A-B276-4E2B-899B-57C6620EAFBF}
	EndGlobalSection
EndGlobal
