
Microsoft Visual Studio Solution File, Format Version 12.00
# Visual Studio Version 17
VisualStudioVersion = 17.4.33205.214
MinimumVisualStudioVersion = 10.0.40219.1
Project("{FAE04EC0-301F-11D3-BF4B-00C04F79EFBC}") = "Ex10_Divisivel", "Ex10_Divisivel.csproj", "{E890FFB0-0031-495D-A4CE-9879110A8C27}"
EndProject
Global
	GlobalSection(SolutionConfigurationPlatforms) = preSolution
		Debug|Any CPU = Debug|Any CPU
		Release|Any CPU = Release|Any CPU
	EndGlobalSection
	GlobalSection(ProjectConfigurationPlatforms) = postSolution
		{E890FFB0-0031-495D-A4CE-9879110A8C27}.Debug|Any CPU.ActiveCfg = Debug|Any CPU
		{E890FFB0-0031-495D-A4CE-9879110A8C27}.Debug|Any CPU.Build.0 = Debug|Any CPU
		{E890FFB0-0031-495D-A4CE-9879110A8C27}.Release|Any CPU.ActiveCfg = Release|Any CPU
		{E890FFB0-0031-495D-A4CE-9879110A8C27}.Release|Any CPU.Build.0 = Release|Any CPU
	EndGlobalSection
	GlobalSection(SolutionProperties) = preSolution
		HideSolutionNode = FALSE
	EndGlobalSection
	GlobalSection(ExtensibilityGlobals) = postSolution
		SolutionGuid = {BFABFD16-B0D6-40DE-9FE8-1DCB26B2CB8F}
	EndGlobalSection
EndGlobal
