
Microsoft Visual Studio Solution File, Format Version 12.00
# Visual Studio Version 17
VisualStudioVersion = 17.4.33205.214
MinimumVisualStudioVersion = 10.0.40219.1
Project("{FAE04EC0-301F-11D3-BF4B-00C04F79EFBC}") = "Ex3_MediaAritmetica", "Ex3_MediaAritmetica.csproj", "{71821041-5806-4AC4-BADD-8C396E37F2E8}"
EndProject
Global
	GlobalSection(SolutionConfigurationPlatforms) = preSolution
		Debug|Any CPU = Debug|Any CPU
		Release|Any CPU = Release|Any CPU
	EndGlobalSection
	GlobalSection(ProjectConfigurationPlatforms) = postSolution
		{71821041-5806-4AC4-BADD-8C396E37F2E8}.Debug|Any CPU.ActiveCfg = Debug|Any CPU
		{71821041-5806-4AC4-BADD-8C396E37F2E8}.Debug|Any CPU.Build.0 = Debug|Any CPU
		{71821041-5806-4AC4-BADD-8C396E37F2E8}.Release|Any CPU.ActiveCfg = Release|Any CPU
		{71821041-5806-4AC4-BADD-8C396E37F2E8}.Release|Any CPU.Build.0 = Release|Any CPU
	EndGlobalSection
	GlobalSection(SolutionProperties) = preSolution
		HideSolutionNode = FALSE
	EndGlobalSection
	GlobalSection(ExtensibilityGlobals) = postSolution
		SolutionGuid = {5B7DDC21-C326-469B-9DBE-822A81044568}
	EndGlobalSection
EndGlobal
