
Microsoft Visual Studio Solution File, Format Version 12.00
# Visual Studio Version 17
VisualStudioVersion = 17.4.33205.214
MinimumVisualStudioVersion = 10.0.40219.1
Project("{FAE04EC0-301F-11D3-BF4B-00C04F79EFBC}") = "Ex2_TreinoWriteLine", "Ex2_TreinoWriteLine.csproj", "{AABB4D1B-B7B4-4E11-B8AF-9AE14863E1FA}"
EndProject
Global
	GlobalSection(SolutionConfigurationPlatforms) = preSolution
		Debug|Any CPU = Debug|Any CPU
		Release|Any CPU = Release|Any CPU
	EndGlobalSection
	GlobalSection(ProjectConfigurationPlatforms) = postSolution
		{AABB4D1B-B7B4-4E11-B8AF-9AE14863E1FA}.Debug|Any CPU.ActiveCfg = Debug|Any CPU
		{AABB4D1B-B7B4-4E11-B8AF-9AE14863E1FA}.Debug|Any CPU.Build.0 = Debug|Any CPU
		{AABB4D1B-B7B4-4E11-B8AF-9AE14863E1FA}.Release|Any CPU.ActiveCfg = Release|Any CPU
		{AABB4D1B-B7B4-4E11-B8AF-9AE14863E1FA}.Release|Any CPU.Build.0 = Release|Any CPU
	EndGlobalSection
	GlobalSection(SolutionProperties) = preSolution
		HideSolutionNode = FALSE
	EndGlobalSection
	GlobalSection(ExtensibilityGlobals) = postSolution
		SolutionGuid = {7854041A-28A3-4405-995D-82FA03F05B9F}
	EndGlobalSection
EndGlobal
