
Microsoft Visual Studio Solution File, Format Version 12.00
# Visual Studio Version 17
VisualStudioVersion = 17.4.33205.214
MinimumVisualStudioVersion = 10.0.40219.1
Project("{FAE04EC0-301F-11D3-BF4B-00C04F79EFBC}") = "Exemplo_Console", "Exemplo_Console.csproj", "{B8517C83-246B-456F-AF3F-9771EE03E01B}"
EndProject
Global
	GlobalSection(SolutionConfigurationPlatforms) = preSolution
		Debug|Any CPU = Debug|Any CPU
		Release|Any CPU = Release|Any CPU
	EndGlobalSection
	GlobalSection(ProjectConfigurationPlatforms) = postSolution
		{B8517C83-246B-456F-AF3F-9771EE03E01B}.Debug|Any CPU.ActiveCfg = Debug|Any CPU
		{B8517C83-246B-456F-AF3F-9771EE03E01B}.Debug|Any CPU.Build.0 = Debug|Any CPU
		{B8517C83-246B-456F-AF3F-9771EE03E01B}.Release|Any CPU.ActiveCfg = Release|Any CPU
		{B8517C83-246B-456F-AF3F-9771EE03E01B}.Release|Any CPU.Build.0 = Release|Any CPU
	EndGlobalSection
	GlobalSection(SolutionProperties) = preSolution
		HideSolutionNode = FALSE
	EndGlobalSection
	GlobalSection(ExtensibilityGlobals) = postSolution
		SolutionGuid = {44B1C0F9-4FBB-488E-AA66-EDA12B55E674}
	EndGlobalSection
EndGlobal
