
Microsoft Visual Studio Solution File, Format Version 12.00
# Visual Studio Version 17
VisualStudioVersion = 17.4.33205.214
MinimumVisualStudioVersion = 10.0.40219.1
Project("{FAE04EC0-301F-11D3-BF4B-00C04F79EFBC}") = "Ex5_DiaDaSemana", "Ex5_DiaDaSemana.csproj", "{2CB100C1-A70B-4F57-BD0D-C32D3B49C443}"
EndProject
Global
	GlobalSection(SolutionConfigurationPlatforms) = preSolution
		Debug|Any CPU = Debug|Any CPU
		Release|Any CPU = Release|Any CPU
	EndGlobalSection
	GlobalSection(ProjectConfigurationPlatforms) = postSolution
		{2CB100C1-A70B-4F57-BD0D-C32D3B49C443}.Debug|Any CPU.ActiveCfg = Debug|Any CPU
		{2CB100C1-A70B-4F57-BD0D-C32D3B49C443}.Debug|Any CPU.Build.0 = Debug|Any CPU
		{2CB100C1-A70B-4F57-BD0D-C32D3B49C443}.Release|Any CPU.ActiveCfg = Release|Any CPU
		{2CB100C1-A70B-4F57-BD0D-C32D3B49C443}.Release|Any CPU.Build.0 = Release|Any CPU
	EndGlobalSection
	GlobalSection(SolutionProperties) = preSolution
		HideSolutionNode = FALSE
	EndGlobalSection
	GlobalSection(ExtensibilityGlobals) = postSolution
		SolutionGuid = {9BF6AE0F-BF7D-463B-9E18-A1B9D7890574}
	EndGlobalSection
EndGlobal
